github.com/fcce/goproxy/ext v0.0.0-20200415032457-f41e2072004c h1:8Nt6l/FXlQ7ZUwDGGEmvtC3rFIpv11S/a+btKwRksSs=
github.com/fcce/goproxy/ext v0.0.0-20200415032457-f41e2072004c/go.mod h1:yQvj3+pjsvnfw6xhZchhZwA0us0c1r2tlqpE2NajbtI=
github.com/rogpeppe/go-charset v0.0.0-20180617210344-2471d30d28b4/go.mod h1:qgYeAmZ5ZIpBWTGllZSQnw97Dj+woV0toclVaRGI8pc=
